{
    "_readme": [
        "This file locks the dependencies of your project to a known state",
        "Read more about it at https://getcomposer.org/doc/01-basic-usage.md#composer-lock-the-lock-file",
        "This file is @generated automatically"
    ],
    "hash": "1a4de63128e8c6e211ffb672a179c531",
    "content-hash": "cd5ea0b638fadf9a2eb5deceb0393d35",
    "packages": [
        {
            "name": "tobscure/json-api",
            "version": "v0.3.0",
            "source": {
                "type": "git",
                "url": "https://github.com/tobscure/json-api.git",
                "reference": "663d1c1299d4363758e8e440e5849134f218f45c"
            },
            "dist": {
                "type": "zip",
                "url": "https://api.github.com/repos/tobscure/json-api/zipball/663d1c1299d4363758e8e440e5849134f218f45c",
                "reference": "663d1c1299d4363758e8e440e5849134f218f45c",
                "shasum": ""
            },
            "require": {
                "php": ">=5.5.9"
            },
            "require-dev": {
                "phpunit/phpunit": "^4.8 || ^5.0"
            },
            "type": "library",
            "extra": {
                "branch-alias": {
                    "dev-master": "1.0-dev"
                }
            },
            "autoload": {
                "psr-4": {
                    "Tobscure\\JsonApi\\": "src/"
                }
            },
            "notification-url": "https://packagist.org/downloads/",
            "license": [
                "MIT"
            ],
            "authors": [
                {
                    "name": "Toby Zerner",
                    "email": "toby.zerner@gmail.com"
                }
            ],
            "description": "JSON-API responses in PHP",
            "keywords": [
                "api",
                "json",
                "jsonapi",
                "standard"
            ],
            "time": "2016-03-31 09:25:28"
        }
    ],
    "packages-dev": [],
    "aliases": [],
    "minimum-stability": "stable",
    "stability-flags": [],
    "prefer-stable": false,
    "prefer-lowest": false,
    "platform": [],
    "platform-dev": []
}
