{
    "_readme": [
        "This file locks the dependencies of your project to a known state",
        "Read more about it at https://getcomposer.org/doc/01-basic-usage.md#composer-lock-the-lock-file",
        "This file is @generated automatically"
    ],
    "hash": "adf1ea365dbf493178172c8205ce592a",
    "content-hash": "4f0f1bca3741ea2e0ff22ec093e17727",
    "packages": [
        {
            "name": "alsvanzelf/jsonapi",
            "version": "v1.3.1",
            "source": {
                "type": "git",
                "url": "https://github.com/lode/jsonapi.git",
                "reference": "d7dc6c3c0e12937e295152dac1bef1ad3a15c190"
            },
            "dist": {
                "type": "zip",
                "url": "https://api.github.com/repos/lode/jsonapi/zipball/d7dc6c3c0e12937e295152dac1bef1ad3a15c190",
                "reference": "d7dc6c3c0e12937e295152dac1bef1ad3a15c190",
                "shasum": ""
            },
            "require": {
                "php": ">=5.4"
            },
            "type": "library",
            "autoload": {
                "psr-4": {
                    "alsvanzelf\\jsonapi\\": "src/"
                }
            },
            "notification-url": "https://packagist.org/downloads/",
            "license": [
                "MIT"
            ],
            "authors": [
                {
                    "name": "Lode Claassen",
                    "email": "lode@alsvanzelf.nl",
                    "homepage": "http://www.lodeclaassen.nl/"
                }
            ],
            "description": "Simple and human friendly library for api servers (PHP serving out JSON)",
            "homepage": "https://github.com/lode/jsonapi",
            "keywords": [
                "api",
                "json",
                "jsonapi"
            ],
            "time": "2016-08-09 14:02:08"
        }
    ],
    "packages-dev": [],
    "aliases": [],
    "minimum-stability": "stable",
    "stability-flags": [],
    "prefer-stable": false,
    "prefer-lowest": false,
    "platform": [],
    "platform-dev": []
}
